
Microsoft Visual Studio Solution File, Format Version 12.00
# Visual Studio Version 16
VisualStudioVersion = 16.0.30503.244
MinimumVisualStudioVersion = 10.0.40219.1
Project("{FAE04EC0-301F-11D3-BF4B-00C04F79EFBC}") = "prControles", "prControles.csproj", "{FDC0047F-BD90-47D0-BA11-733F7ED53E5E}"
EndProject
Global
	GlobalSection(SolutionConfigurationPlatforms) = preSolution
		Debug|Any CPU = Debug|Any CPU
		Release|Any CPU = Release|Any CPU
	EndGlobalSection
	GlobalSection(ProjectConfigurationPlatforms) = postSolution
		{FDC0047F-BD90-47D0-BA11-733F7ED53E5E}.Debug|Any CPU.ActiveCfg = Debug|Any CPU
		{FDC0047F-BD90-47D0-BA11-733F7ED53E5E}.Debug|Any CPU.Build.0 = Debug|Any CPU
		{FDC0047F-BD90-47D0-BA11-733F7ED53E5E}.Release|Any CPU.ActiveCfg = Release|Any CPU
		{FDC0047F-BD90-47D0-BA11-733F7ED53E5E}.Release|Any CPU.Build.0 = Release|Any CPU
	EndGlobalSection
	GlobalSection(SolutionProperties) = preSolution
		HideSolutionNode = FALSE
	EndGlobalSection
	GlobalSection(ExtensibilityGlobals) = postSolution
		SolutionGuid = {B2128D3F-6F30-4DF2-94AB-9F21FC2AE894}
	EndGlobalSection
EndGlobal
