
Microsoft Visual Studio Solution File, Format Version 12.00
# Visual Studio Version 16
VisualStudioVersion = 16.0.30503.244
MinimumVisualStudioVersion = 10.0.40219.1
Project("{FAE04EC0-301F-11D3-BF4B-00C04F79EFBC}") = "prOperadores2", "prOperadores2.csproj", "{608CE7E9-D816-489F-B055-864CD7A0AFA9}"
EndProject
Global
	GlobalSection(SolutionConfigurationPlatforms) = preSolution
		Debug|Any CPU = Debug|Any CPU
		Release|Any CPU = Release|Any CPU
	EndGlobalSection
	GlobalSection(ProjectConfigurationPlatforms) = postSolution
		{608CE7E9-D816-489F-B055-864CD7A0AFA9}.Debug|Any CPU.ActiveCfg = Debug|Any CPU
		{608CE7E9-D816-489F-B055-864CD7A0AFA9}.Debug|Any CPU.Build.0 = Debug|Any CPU
		{608CE7E9-D816-489F-B055-864CD7A0AFA9}.Release|Any CPU.ActiveCfg = Release|Any CPU
		{608CE7E9-D816-489F-B055-864CD7A0AFA9}.Release|Any CPU.Build.0 = Release|Any CPU
	EndGlobalSection
	GlobalSection(SolutionProperties) = preSolution
		HideSolutionNode = FALSE
	EndGlobalSection
	GlobalSection(ExtensibilityGlobals) = postSolution
		SolutionGuid = {EF5AAE3C-F75D-4352-9027-282397A5B3CC}
	EndGlobalSection
EndGlobal
